
Microsoft Visual Studio Solution File, Format Version 12.00
# Visual Studio Version 16
VisualStudioVersion = 16.0.30523.141
MinimumVisualStudioVersion = 10.0.40219.1
Project("{8BC9CEB8-8B4A-11D0-8D11-00A0C91BC942}") = "Hubbard_3d_C", "Hubbard_3d_C\Hubbard_3d_C.vcxproj", "{CE3AE383-2EEE-4068-BC9B-98BC581A9726}"
EndProject
Global
	GlobalSection(SolutionConfigurationPlatforms) = preSolution
		Debug|x64 = Debug|x64
		Debug|x86 = Debug|x86
		Release|x64 = Release|x64
		Release|x86 = Release|x86
	EndGlobalSection
	GlobalSection(ProjectConfigurationPlatforms) = postSolution
		{CE3AE383-2EEE-4068-BC9B-98BC581A9726}.Debug|x64.ActiveCfg = Debug|x64
		{CE3AE383-2EEE-4068-BC9B-98BC581A9726}.Debug|x64.Build.0 = Debug|x64
		{CE3AE383-2EEE-4068-BC9B-98BC581A9726}.Debug|x86.ActiveCfg = Debug|Win32
		{CE3AE383-2EEE-4068-BC9B-98BC581A9726}.Debug|x86.Build.0 = Debug|Win32
		{CE3AE383-2EEE-4068-BC9B-98BC581A9726}.Release|x64.ActiveCfg = Release|x64
		{CE3AE383-2EEE-4068-BC9B-98BC581A9726}.Release|x64.Build.0 = Release|x64
		{CE3AE383-2EEE-4068-BC9B-98BC581A9726}.Release|x86.ActiveCfg = Release|Win32
		{CE3AE383-2EEE-4068-BC9B-98BC581A9726}.Release|x86.Build.0 = Release|Win32
	EndGlobalSection
	GlobalSection(SolutionProperties) = preSolution
		HideSolutionNode = FALSE
	EndGlobalSection
	GlobalSection(ExtensibilityGlobals) = postSolution
		SolutionGuid = {534998AC-42A5-4BEE-8B80-8D85160D017B}
	EndGlobalSection
EndGlobal
